
Microsoft Visual Studio Solution File, Format Version 12.00
# Visual Studio 15
VisualStudioVersion = 15.0.26430.13
MinimumVisualStudioVersion = 10.0.40219.1
Project("{FAE04EC0-301F-11D3-BF4B-00C04F79EFBC}") = "DbFirstEntityTesting", "DbFirstEntityTesting\DbFirstEntityTesting.csproj", "{413A3651-4AB6-4ABE-A827-624460ADFF69}"
EndProject
Project("{FAE04EC0-301F-11D3-BF4B-00C04F79EFBC}") = "DbFirstEntityTesting.Data", "DbFirstEntityTesting.Data\DbFirstEntityTesting.Data.csproj", "{C7A156D2-1000-4AB8-AD19-1074546DA429}"
EndProject
Global
	GlobalSection(SolutionConfigurationPlatforms) = preSolution
		Debug|Any CPU = Debug|Any CPU
		Release|Any CPU = Release|Any CPU
	EndGlobalSection
	GlobalSection(ProjectConfigurationPlatforms) = postSolution
		{413A3651-4AB6-4ABE-A827-624460ADFF69}.Debug|Any CPU.ActiveCfg = Debug|Any CPU
		{413A3651-4AB6-4ABE-A827-624460ADFF69}.Debug|Any CPU.Build.0 = Debug|Any CPU
		{413A3651-4AB6-4ABE-A827-624460ADFF69}.Release|Any CPU.ActiveCfg = Release|Any CPU
		{413A3651-4AB6-4ABE-A827-624460ADFF69}.Release|Any CPU.Build.0 = Release|Any CPU
		{C7A156D2-1000-4AB8-AD19-1074546DA429}.Debug|Any CPU.ActiveCfg = Debug|Any CPU
		{C7A156D2-1000-4AB8-AD19-1074546DA429}.Debug|Any CPU.Build.0 = Debug|Any CPU
		{C7A156D2-1000-4AB8-AD19-1074546DA429}.Release|Any CPU.ActiveCfg = Release|Any CPU
		{C7A156D2-1000-4AB8-AD19-1074546DA429}.Release|Any CPU.Build.0 = Release|Any CPU
	EndGlobalSection
	GlobalSection(SolutionProperties) = preSolution
		HideSolutionNode = FALSE
	EndGlobalSection
EndGlobal
